# This file is autogenerated, do not edit; changes may be undone by the next 'dep ensure'.


[[projects]]
  branch = "master"
  digest = "1:cefe687c5b27365f87dff523c85266408415c62a2915cc6148e9c26861274984"
  name = "github.com/DHowett/go-plist"
  packages = ["."]
  pruneopts = "UT"
  revision = "500bd5b9081b5957ac10389f86e069869f00c348"

[[projects]]
  branch = "master"
  digest = "1:a3f8df7d6b10161983b1758f86ae5d12c1d08401aeb307411c9719b017a6a3f3"
  name = "github.com/distatus/battery"
  packages = ["."]
  pruneopts = "UT"
  revision = "916919eb43bd0567646f048c0fb0e8c61a4ebc24"

[[projects]]
  digest = "1:0237e4d34e895148f08c09bf029c07ed10ad1e8f01697423d1cf823f89ffa60e"
  name = "github.com/joliv/spark"
  packages = ["."]
  pruneopts = "UT"
  revision = "e0eaf3444d05c395369fcea69986b5b62681328f"
  version = "v1.0"

[[projects]]
  digest = "1:dab83a1bbc7ad3d7a6ba1a1cc1760f25ac38cdf7d96a5cdd55cd915a4f5ceaf9"
  name = "github.com/spf13/pflag"
  packages = ["."]
  pruneopts = "UT"
  revision = "9a97c102cda95a86cec2345a6f09f55a939babf5"
  version = "v1.0.2"

[[projects]]
  branch = "master"
  digest = "1:374fc90fcb026e9a367e3fad29e988e5dd944b68ca3f24a184d77abc5307dda4"
  name = "golang.org/x/sys"
  packages = [
    "unix",
    "windows",
  ]
  pruneopts = "UT"
  revision = "4526dd3c8b56729dc6b5a24d9dafb1915e89945b"

[solve-meta]
  analyzer-name = "dep"
  analyzer-version = 1
  input-imports = [
    "github.com/distatus/battery",
    "github.com/joliv/spark",
    "github.com/spf13/pflag",
  ]
  solver-name = "gps-cdcl"
  solver-version = 1
